
Microsoft Visual Studio Solution File, Format Version 12.00
# Visual Studio Version 17
VisualStudioVersion = 17.12.35514.174 d17.12
MinimumVisualStudioVersion = 10.0.40219.1
Project("{FAE04EC0-301F-11D3-BF4B-00C04F79EFBC}") = "lab-01", "lab-01.csproj", "{BABAA7B0-1A6E-472B-9927-611170FD768E}"
EndProject
Global
	GlobalSection(SolutionConfigurationPlatforms) = preSolution
		Debug|Any CPU = Debug|Any CPU
		Release|Any CPU = Release|Any CPU
	EndGlobalSection
	GlobalSection(ProjectConfigurationPlatforms) = postSolution
		{BABAA7B0-1A6E-472B-9927-611170FD768E}.Debug|Any CPU.ActiveCfg = Debug|Any CPU
		{BABAA7B0-1A6E-472B-9927-611170FD768E}.Debug|Any CPU.Build.0 = Debug|Any CPU
		{BABAA7B0-1A6E-472B-9927-611170FD768E}.Release|Any CPU.ActiveCfg = Release|Any CPU
		{BABAA7B0-1A6E-472B-9927-611170FD768E}.Release|Any CPU.Build.0 = Release|Any CPU
	EndGlobalSection
	GlobalSection(SolutionProperties) = preSolution
		HideSolutionNode = FALSE
	EndGlobalSection
EndGlobal
